
Microsoft Visual Studio Solution File, Format Version 12.00
# Visual Studio 15
VisualStudioVersion = 15.0.28010.2046
MinimumVisualStudioVersion = 10.0.40219.1
Project("{FAE04EC0-301F-11D3-BF4B-00C04F79EFBC}") = "NorthDallas.Contacts.Android", "NorthDallas.Contacts\NorthDallas.Contacts.Android\NorthDallas.Contacts.Android.csproj", "{684BF191-3E7D-4EE7-9F0D-1357AA131903}"
EndProject
Project("{FAE04EC0-301F-11D3-BF4B-00C04F79EFBC}") = "NorthDallas.Contacts.iOS", "NorthDallas.Contacts\NorthDallas.Contacts.iOS\NorthDallas.Contacts.iOS.csproj", "{85A9E07D-1638-4E7F-BB06-0366045C0834}"
EndProject
Project("{FAE04EC0-301F-11D3-BF4B-00C04F79EFBC}") = "NorthDallas.Contacts.UWP", "NorthDallas.Contacts\NorthDallas.Contacts.UWP\NorthDallas.Contacts.UWP.csproj", "{440536D1-BC26-4AB0-8879-B5F07ECC240D}"
EndProject
Project("{FAE04EC0-301F-11D3-BF4B-00C04F79EFBC}") = "NorthDallas.Contacts", "NorthDallas.Contacts\NorthDallas.Contacts\NorthDallas.Contacts.csproj", "{EF685F0D-5760-4449-BAB8-F220AFAAC64B}"
EndProject
Global
	GlobalSection(SolutionConfigurationPlatforms) = preSolution
		Ad-Hoc|Any CPU = Ad-Hoc|Any CPU
		Ad-Hoc|ARM = Ad-Hoc|ARM
		Ad-Hoc|iPhone = Ad-Hoc|iPhone
		Ad-Hoc|iPhoneSimulator = Ad-Hoc|iPhoneSimulator
		Ad-Hoc|x64 = Ad-Hoc|x64
		Ad-Hoc|x86 = Ad-Hoc|x86
		AppStore|Any CPU = AppStore|Any CPU
		AppStore|ARM = AppStore|ARM
		AppStore|iPhone = AppStore|iPhone
		AppStore|iPhoneSimulator = AppStore|iPhoneSimulator
		AppStore|x64 = AppStore|x64
		AppStore|x86 = AppStore|x86
		Debug|Any CPU = Debug|Any CPU
		Debug|ARM = Debug|ARM
		Debug|iPhone = Debug|iPhone
		Debug|iPhoneSimulator = Debug|iPhoneSimulator
		Debug|x64 = Debug|x64
		Debug|x86 = Debug|x86
		Release|Any CPU = Release|Any CPU
		Release|ARM = Release|ARM
		Release|iPhone = Release|iPhone
		Release|iPhoneSimulator = Release|iPhoneSimulator
		Release|x64 = Release|x64
		Release|x86 = Release|x86
	EndGlobalSection
	GlobalSection(ProjectConfigurationPlatforms) = postSolution
		{684BF191-3E7D-4EE7-9F0D-1357AA131903}.Ad-Hoc|Any CPU.ActiveCfg = Release|Any CPU
		{684BF191-3E7D-4EE7-9F0D-1357AA131903}.Ad-Hoc|Any CPU.Build.0 = Release|Any CPU
		{684BF191-3E7D-4EE7-9F0D-1357AA131903}.Ad-Hoc|Any CPU.Deploy.0 = Release|Any CPU
		{684BF191-3E7D-4EE7-9F0D-1357AA131903}.Ad-Hoc|ARM.ActiveCfg = Release|Any CPU
		{684BF191-3E7D-4EE7-9F0D-1357AA131903}.Ad-Hoc|ARM.Build.0 = Release|Any CPU
		{684BF191-3E7D-4EE7-9F0D-1357AA131903}.Ad-Hoc|ARM.Deploy.0 = Release|Any CPU
		{684BF191-3E7D-4EE7-9F0D-1357AA131903}.Ad-Hoc|iPhone.ActiveCfg = Release|Any CPU
		{684BF191-3E7D-4EE7-9F0D-1357AA131903}.Ad-Hoc|iPhone.Build.0 = Release|Any CPU
		{684BF191-3E7D-4EE7-9F0D-1357AA131903}.Ad-Hoc|iPhone.Deploy.0 = Release|Any CPU
		{684BF191-3E7D-4EE7-9F0D-1357AA131903}.Ad-Hoc|iPhoneSimulator.ActiveCfg = Release|Any CPU
		{684BF191-3E7D-4EE7-9F0D-1357AA131903}.Ad-Hoc|iPhoneSimulator.Build.0 = Release|Any CPU
		{684BF191-3E7D-4EE7-9F0D-1357AA131903}.Ad-Hoc|iPhoneSimulator.Deploy.0 = Release|Any CPU
		{684BF191-3E7D-4EE7-9F0D-1357AA131903}.Ad-Hoc|x64.ActiveCfg = Release|Any CPU
		{684BF191-3E7D-4EE7-9F0D-1357AA131903}.Ad-Hoc|x64.Build.0 = Release|Any CPU
		{684BF191-3E7D-4EE7-9F0D-1357AA131903}.Ad-Hoc|x64.Deploy.0 = Release|Any CPU
		{684BF191-3E7D-4EE7-9F0D-1357AA131903}.Ad-Hoc|x86.ActiveCfg = Release|Any CPU
		{684BF191-3E7D-4EE7-9F0D-1357AA131903}.Ad-Hoc|x86.Build.0 = Release|Any CPU
		{684BF191-3E7D-4EE7-9F0D-1357AA131903}.Ad-Hoc|x86.Deploy.0 = Release|Any CPU
		{684BF191-3E7D-4EE7-9F0D-1357AA131903}.AppStore|Any CPU.ActiveCfg = Release|Any CPU
		{684BF191-3E7D-4EE7-9F0D-1357AA131903}.AppStore|Any CPU.Build.0 = Release|Any CPU
		{684BF191-3E7D-4EE7-9F0D-1357AA131903}.AppStore|Any CPU.Deploy.0 = Release|Any CPU
		{684BF191-3E7D-4EE7-9F0D-1357AA131903}.AppStore|ARM.ActiveCfg = Release|Any CPU
		{684BF191-3E7D-4EE7-9F0D-1357AA131903}.AppStore|ARM.Build.0 = Release|Any CPU
		{684BF191-3E7D-4EE7-9F0D-1357AA131903}.AppStore|ARM.Deploy.0 = Release|Any CPU
		{684BF191-3E7D-4EE7-9F0D-1357AA131903}.AppStore|iPhone.ActiveCfg = Release|Any CPU
		{684BF191-3E7D-4EE7-9F0D-1357AA131903}.AppStore|iPhone.Build.0 = Release|Any CPU
		{684BF191-3E7D-4EE7-9F0D-1357AA131903}.AppStore|iPhone.Deploy.0 = Release|Any CPU
		{684BF191-3E7D-4EE7-9F0D-1357AA131903}.AppStore|iPhoneSimulator.ActiveCfg = Release|Any CPU
		{684BF191-3E7D-4EE7-9F0D-1357AA131903}.AppStore|iPhoneSimulator.Build.0 = Release|Any CPU
		{684BF191-3E7D-4EE7-9F0D-1357AA131903}.AppStore|iPhoneSimulator.Deploy.0 = Release|Any CPU
		{684BF191-3E7D-4EE7-9F0D-1357AA131903}.AppStore|x64.ActiveCfg = Release|Any CPU
		{684BF191-3E7D-4EE7-9F0D-1357AA131903}.AppStore|x64.Build.0 = Release|Any CPU
		{684BF191-3E7D-4EE7-9F0D-1357AA131903}.AppStore|x64.Deploy.0 = Release|Any CPU
		{684BF191-3E7D-4EE7-9F0D-1357AA131903}.AppStore|x86.ActiveCfg = Release|Any CPU
		{684BF191-3E7D-4EE7-9F0D-1357AA131903}.AppStore|x86.Build.0 = Release|Any CPU
		{684BF191-3E7D-4EE7-9F0D-1357AA131903}.AppStore|x86.Deploy.0 = Release|Any CPU
		{684BF191-3E7D-4EE7-9F0D-1357AA131903}.Debug|Any CPU.ActiveCfg = Debug|Any CPU
		{684BF191-3E7D-4EE7-9F0D-1357AA131903}.Debug|Any CPU.Build.0 = Debug|Any CPU
		{684BF191-3E7D-4EE7-9F0D-1357AA131903}.Debug|Any CPU.Deploy.0 = Debug|Any CPU
		{684BF191-3E7D-4EE7-9F0D-1357AA131903}.Debug|ARM.ActiveCfg = Debug|Any CPU
		{684BF191-3E7D-4EE7-9F0D-1357AA131903}.Debug|ARM.Build.0 = Debug|Any CPU
		{684BF191-3E7D-4EE7-9F0D-1357AA131903}.Debug|ARM.Deploy.0 = Debug|Any CPU
		{684BF191-3E7D-4EE7-9F0D-1357AA131903}.Debug|iPhone.ActiveCfg = Debug|Any CPU
		{684BF191-3E7D-4EE7-9F0D-1357AA131903}.Debug|iPhone.Build.0 = Debug|Any CPU
		{684BF191-3E7D-4EE7-9F0D-1357AA131903}.Debug|iPhone.Deploy.0 = Debug|Any CPU
		{684BF191-3E7D-4EE7-9F0D-1357AA131903}.Debug|iPhoneSimulator.ActiveCfg = Debug|Any CPU
		{684BF191-3E7D-4EE7-9F0D-1357AA131903}.Debug|iPhoneSimulator.Build.0 = Debug|Any CPU
		{684BF191-3E7D-4EE7-9F0D-1357AA131903}.Debug|iPhoneSimulator.Deploy.0 = Debug|Any CPU
		{684BF191-3E7D-4EE7-9F0D-1357AA131903}.Debug|x64.ActiveCfg = Debug|Any CPU
		{684BF191-3E7D-4EE7-9F0D-1357AA131903}.Debug|x64.Build.0 = Debug|Any CPU
		{684BF191-3E7D-4EE7-9F0D-1357AA131903}.Debug|x64.Deploy.0 = Debug|Any CPU
		{684BF191-3E7D-4EE7-9F0D-1357AA131903}.Debug|x86.ActiveCfg = Debug|Any CPU
		{684BF191-3E7D-4EE7-9F0D-1357AA131903}.Debug|x86.Build.0 = Debug|Any CPU
		{684BF191-3E7D-4EE7-9F0D-1357AA131903}.Debug|x86.Deploy.0 = Debug|Any CPU
		{684BF191-3E7D-4EE7-9F0D-1357AA131903}.Release|Any CPU.ActiveCfg = Release|Any CPU
		{684BF191-3E7D-4EE7-9F0D-1357AA131903}.Release|Any CPU.Build.0 = Release|Any CPU
		{684BF191-3E7D-4EE7-9F0D-1357AA131903}.Release|Any CPU.Deploy.0 = Release|Any CPU
		{684BF191-3E7D-4EE7-9F0D-1357AA131903}.Release|ARM.ActiveCfg = Release|Any CPU
		{684BF191-3E7D-4EE7-9F0D-1357AA131903}.Release|ARM.Build.0 = Release|Any CPU
		{684BF191-3E7D-4EE7-9F0D-1357AA131903}.Release|ARM.Deploy.0 = Release|Any CPU
		{684BF191-3E7D-4EE7-9F0D-1357AA131903}.Release|iPhone.ActiveCfg = Release|Any CPU
		{684BF191-3E7D-4EE7-9F0D-1357AA131903}.Release|iPhone.Build.0 = Release|Any CPU
		{684BF191-3E7D-4EE7-9F0D-1357AA131903}.Release|iPhone.Deploy.0 = Release|Any CPU
		{684BF191-3E7D-4EE7-9F0D-1357AA131903}.Release|iPhoneSimulator.ActiveCfg = Release|Any CPU
		{684BF191-3E7D-4EE7-9F0D-1357AA131903}.Release|iPhoneSimulator.Build.0 = Release|Any CPU
		{684BF191-3E7D-4EE7-9F0D-1357AA131903}.Release|iPhoneSimulator.Deploy.0 = Release|Any CPU
		{684BF191-3E7D-4EE7-9F0D-1357AA131903}.Release|x64.ActiveCfg = Release|Any CPU
		{684BF191-3E7D-4EE7-9F0D-1357AA131903}.Release|x64.Build.0 = Release|Any CPU
		{684BF191-3E7D-4EE7-9F0D-1357AA131903}.Release|x64.Deploy.0 = Release|Any CPU
		{684BF191-3E7D-4EE7-9F0D-1357AA131903}.Release|x86.ActiveCfg = Release|Any CPU
		{684BF191-3E7D-4EE7-9F0D-1357AA131903}.Release|x86.Build.0 = Release|Any CPU
		{684BF191-3E7D-4EE7-9F0D-1357AA131903}.Release|x86.Deploy.0 = Release|Any CPU
		{85A9E07D-1638-4E7F-BB06-0366045C0834}.Ad-Hoc|Any CPU.ActiveCfg = Ad-Hoc|iPhone
		{85A9E07D-1638-4E7F-BB06-0366045C0834}.Ad-Hoc|Any CPU.Build.0 = Ad-Hoc|iPhone
		{85A9E07D-1638-4E7F-BB06-0366045C0834}.Ad-Hoc|Any CPU.Deploy.0 = Ad-Hoc|iPhone
		{85A9E07D-1638-4E7F-BB06-0366045C0834}.Ad-Hoc|ARM.ActiveCfg = Ad-Hoc|iPhone
		{85A9E07D-1638-4E7F-BB06-0366045C0834}.Ad-Hoc|ARM.Build.0 = Ad-Hoc|iPhone
		{85A9E07D-1638-4E7F-BB06-0366045C0834}.Ad-Hoc|ARM.Deploy.0 = Ad-Hoc|iPhone
		{85A9E07D-1638-4E7F-BB06-0366045C0834}.Ad-Hoc|iPhone.ActiveCfg = Ad-Hoc|iPhone
		{85A9E07D-1638-4E7F-BB06-0366045C0834}.Ad-Hoc|iPhone.Build.0 = Ad-Hoc|iPhone
		{85A9E07D-1638-4E7F-BB06-0366045C0834}.Ad-Hoc|iPhone.Deploy.0 = Ad-Hoc|iPhone
		{85A9E07D-1638-4E7F-BB06-0366045C0834}.Ad-Hoc|iPhoneSimulator.ActiveCfg = Ad-Hoc|iPhoneSimulator
		{85A9E07D-1638-4E7F-BB06-0366045C0834}.Ad-Hoc|iPhoneSimulator.Build.0 = Ad-Hoc|iPhoneSimulator
		{85A9E07D-1638-4E7F-BB06-0366045C0834}.Ad-Hoc|iPhoneSimulator.Deploy.0 = Ad-Hoc|iPhoneSimulator
		{85A9E07D-1638-4E7F-BB06-0366045C0834}.Ad-Hoc|x64.ActiveCfg = Ad-Hoc|iPhone
		{85A9E07D-1638-4E7F-BB06-0366045C0834}.Ad-Hoc|x64.Build.0 = Ad-Hoc|iPhone
		{85A9E07D-1638-4E7F-BB06-0366045C0834}.Ad-Hoc|x64.Deploy.0 = Ad-Hoc|iPhone
		{85A9E07D-1638-4E7F-BB06-0366045C0834}.Ad-Hoc|x86.ActiveCfg = Ad-Hoc|iPhone
		{85A9E07D-1638-4E7F-BB06-0366045C0834}.Ad-Hoc|x86.Build.0 = Ad-Hoc|iPhone
		{85A9E07D-1638-4E7F-BB06-0366045C0834}.Ad-Hoc|x86.Deploy.0 = Ad-Hoc|iPhone
		{85A9E07D-1638-4E7F-BB06-0366045C0834}.AppStore|Any CPU.ActiveCfg = AppStore|iPhone
		{85A9E07D-1638-4E7F-BB06-0366045C0834}.AppStore|Any CPU.Build.0 = AppStore|iPhone
		{85A9E07D-1638-4E7F-BB06-0366045C0834}.AppStore|Any CPU.Deploy.0 = AppStore|iPhone
		{85A9E07D-1638-4E7F-BB06-0366045C0834}.AppStore|ARM.ActiveCfg = AppStore|iPhone
		{85A9E07D-1638-4E7F-BB06-0366045C0834}.AppStore|ARM.Build.0 = AppStore|iPhone
		{85A9E07D-1638-4E7F-BB06-0366045C0834}.AppStore|ARM.Deploy.0 = AppStore|iPhone
		{85A9E07D-1638-4E7F-BB06-0366045C0834}.AppStore|iPhone.ActiveCfg = AppStore|iPhone
		{85A9E07D-1638-4E7F-BB06-0366045C0834}.AppStore|iPhone.Build.0 = AppStore|iPhone
		{85A9E07D-1638-4E7F-BB06-0366045C0834}.AppStore|iPhone.Deploy.0 = AppStore|iPhone
		{85A9E07D-1638-4E7F-BB06-0366045C0834}.AppStore|iPhoneSimulator.ActiveCfg = AppStore|iPhoneSimulator
		{85A9E07D-1638-4E7F-BB06-0366045C0834}.AppStore|iPhoneSimulator.Build.0 = AppStore|iPhoneSimulator
		{85A9E07D-1638-4E7F-BB06-0366045C0834}.AppStore|iPhoneSimulator.Deploy.0 = AppStore|iPhoneSimulator
		{85A9E07D-1638-4E7F-BB06-0366045C0834}.AppStore|x64.ActiveCfg = AppStore|iPhone
		{85A9E07D-1638-4E7F-BB06-0366045C0834}.AppStore|x64.Build.0 = AppStore|iPhone
		{85A9E07D-1638-4E7F-BB06-0366045C0834}.AppStore|x64.Deploy.0 = AppStore|iPhone
		{85A9E07D-1638-4E7F-BB06-0366045C0834}.AppStore|x86.ActiveCfg = AppStore|iPhone
		{85A9E07D-1638-4E7F-BB06-0366045C0834}.AppStore|x86.Build.0 = AppStore|iPhone
		{85A9E07D-1638-4E7F-BB06-0366045C0834}.AppStore|x86.Deploy.0 = AppStore|iPhone
		{85A9E07D-1638-4E7F-BB06-0366045C0834}.Debug|Any CPU.ActiveCfg = Debug|iPhoneSimulator
		{85A9E07D-1638-4E7F-BB06-0366045C0834}.Debug|Any CPU.Build.0 = Debug|iPhoneSimulator
		{85A9E07D-1638-4E7F-BB06-0366045C0834}.Debug|Any CPU.Deploy.0 = Debug|iPhoneSimulator
		{85A9E07D-1638-4E7F-BB06-0366045C0834}.Debug|ARM.ActiveCfg = Debug|iPhone
		{85A9E07D-1638-4E7F-BB06-0366045C0834}.Debug|ARM.Build.0 = Debug|iPhone
		{85A9E07D-1638-4E7F-BB06-0366045C0834}.Debug|ARM.Deploy.0 = Debug|iPhone
		{85A9E07D-1638-4E7F-BB06-0366045C0834}.Debug|iPhone.ActiveCfg = Debug|iPhone
		{85A9E07D-1638-4E7F-BB06-0366045C0834}.Debug|iPhone.Build.0 = Debug|iPhone
		{85A9E07D-1638-4E7F-BB06-0366045C0834}.Debug|iPhone.Deploy.0 = Debug|iPhone
		{85A9E07D-1638-4E7F-BB06-0366045C0834}.Debug|iPhoneSimulator.ActiveCfg = Debug|iPhoneSimulator
		{85A9E07D-1638-4E7F-BB06-0366045C0834}.Debug|iPhoneSimulator.Build.0 = Debug|iPhoneSimulator
		{85A9E07D-1638-4E7F-BB06-0366045C0834}.Debug|iPhoneSimulator.Deploy.0 = Debug|iPhoneSimulator
		{85A9E07D-1638-4E7F-BB06-0366045C0834}.Debug|x64.ActiveCfg = Debug|iPhone
		{85A9E07D-1638-4E7F-BB06-0366045C0834}.Debug|x64.Build.0 = Debug|iPhone
		{85A9E07D-1638-4E7F-BB06-0366045C0834}.Debug|x64.Deploy.0 = Debug|iPhone
		{85A9E07D-1638-4E7F-BB06-0366045C0834}.Debug|x86.ActiveCfg = Debug|iPhone
		{85A9E07D-1638-4E7F-BB06-0366045C0834}.Debug|x86.Build.0 = Debug|iPhone
		{85A9E07D-1638-4E7F-BB06-0366045C0834}.Debug|x86.Deploy.0 = Debug|iPhone
		{85A9E07D-1638-4E7F-BB06-0366045C0834}.Release|Any CPU.ActiveCfg = Release|iPhone
		{85A9E07D-1638-4E7F-BB06-0366045C0834}.Release|Any CPU.Build.0 = Release|iPhone
		{85A9E07D-1638-4E7F-BB06-0366045C0834}.Release|Any CPU.Deploy.0 = Release|iPhone
		{85A9E07D-1638-4E7F-BB06-0366045C0834}.Release|ARM.ActiveCfg = Release|iPhone
		{85A9E07D-1638-4E7F-BB06-0366045C0834}.Release|ARM.Build.0 = Release|iPhone
		{85A9E07D-1638-4E7F-BB06-0366045C0834}.Release|ARM.Deploy.0 = Release|iPhone
		{85A9E07D-1638-4E7F-BB06-0366045C0834}.Release|iPhone.ActiveCfg = Release|iPhone
		{85A9E07D-1638-4E7F-BB06-0366045C0834}.Release|iPhone.Build.0 = Release|iPhone
		{85A9E07D-1638-4E7F-BB06-0366045C0834}.Release|iPhone.Deploy.0 = Release|iPhone
		{85A9E07D-1638-4E7F-BB06-0366045C0834}.Release|iPhoneSimulator.ActiveCfg = Release|iPhoneSimulator
		{85A9E07D-1638-4E7F-BB06-0366045C0834}.Release|iPhoneSimulator.Build.0 = Release|iPhoneSimulator
		{85A9E07D-1638-4E7F-BB06-0366045C0834}.Release|iPhoneSimulator.Deploy.0 = Release|iPhoneSimulator
		{85A9E07D-1638-4E7F-BB06-0366045C0834}.Release|x64.ActiveCfg = Release|iPhone
		{85A9E07D-1638-4E7F-BB06-0366045C0834}.Release|x64.Build.0 = Release|iPhone
		{85A9E07D-1638-4E7F-BB06-0366045C0834}.Release|x64.Deploy.0 = Release|iPhone
		{85A9E07D-1638-4E7F-BB06-0366045C0834}.Release|x86.ActiveCfg = Release|iPhone
		{85A9E07D-1638-4E7F-BB06-0366045C0834}.Release|x86.Build.0 = Release|iPhone
		{85A9E07D-1638-4E7F-BB06-0366045C0834}.Release|x86.Deploy.0 = Release|iPhone
		{440536D1-BC26-4AB0-8879-B5F07ECC240D}.Ad-Hoc|Any CPU.ActiveCfg = Release|x86
		{440536D1-BC26-4AB0-8879-B5F07ECC240D}.Ad-Hoc|Any CPU.Build.0 = Release|x86
		{440536D1-BC26-4AB0-8879-B5F07ECC240D}.Ad-Hoc|Any CPU.Deploy.0 = Release|x86
		{440536D1-BC26-4AB0-8879-B5F07ECC240D}.Ad-Hoc|ARM.ActiveCfg = Release|ARM
		{440536D1-BC26-4AB0-8879-B5F07ECC240D}.Ad-Hoc|ARM.Build.0 = Release|ARM
		{440536D1-BC26-4AB0-8879-B5F07ECC240D}.Ad-Hoc|ARM.Deploy.0 = Release|ARM
		{440536D1-BC26-4AB0-8879-B5F07ECC240D}.Ad-Hoc|iPhone.ActiveCfg = Release|x86
		{440536D1-BC26-4AB0-8879-B5F07ECC240D}.Ad-Hoc|iPhone.Build.0 = Release|x86
		{440536D1-BC26-4AB0-8879-B5F07ECC240D}.Ad-Hoc|iPhone.Deploy.0 = Release|x86
		{440536D1-BC26-4AB0-8879-B5F07ECC240D}.Ad-Hoc|iPhoneSimulator.ActiveCfg = Release|x86
		{440536D1-BC26-4AB0-8879-B5F07ECC240D}.Ad-Hoc|iPhoneSimulator.Build.0 = Release|x86
		{440536D1-BC26-4AB0-8879-B5F07ECC240D}.Ad-Hoc|iPhoneSimulator.Deploy.0 = Release|x86
		{440536D1-BC26-4AB0-8879-B5F07ECC240D}.Ad-Hoc|x64.ActiveCfg = Release|x64
		{440536D1-BC26-4AB0-8879-B5F07ECC240D}.Ad-Hoc|x64.Build.0 = Release|x64
		{440536D1-BC26-4AB0-8879-B5F07ECC240D}.Ad-Hoc|x64.Deploy.0 = Release|x64
		{440536D1-BC26-4AB0-8879-B5F07ECC240D}.Ad-Hoc|x86.ActiveCfg = Release|x86
		{440536D1-BC26-4AB0-8879-B5F07ECC240D}.Ad-Hoc|x86.Build.0 = Release|x86
		{440536D1-BC26-4AB0-8879-B5F07ECC240D}.Ad-Hoc|x86.Deploy.0 = Release|x86
		{440536D1-BC26-4AB0-8879-B5F07ECC240D}.AppStore|Any CPU.ActiveCfg = Release|x86
		{440536D1-BC26-4AB0-8879-B5F07ECC240D}.AppStore|Any CPU.Build.0 = Release|x86
		{440536D1-BC26-4AB0-8879-B5F07ECC240D}.AppStore|Any CPU.Deploy.0 = Release|x86
		{440536D1-BC26-4AB0-8879-B5F07ECC240D}.AppStore|ARM.ActiveCfg = Release|ARM
		{440536D1-BC26-4AB0-8879-B5F07ECC240D}.AppStore|ARM.Build.0 = Release|ARM
		{440536D1-BC26-4AB0-8879-B5F07ECC240D}.AppStore|ARM.Deploy.0 = Release|ARM
		{440536D1-BC26-4AB0-8879-B5F07ECC240D}.AppStore|iPhone.ActiveCfg = Release|x86
		{440536D1-BC26-4AB0-8879-B5F07ECC240D}.AppStore|iPhone.Build.0 = Release|x86
		{440536D1-BC26-4AB0-8879-B5F07ECC240D}.AppStore|iPhone.Deploy.0 = Release|x86
		{440536D1-BC26-4AB0-8879-B5F07ECC240D}.AppStore|iPhoneSimulator.ActiveCfg = Release|x86
		{440536D1-BC26-4AB0-8879-B5F07ECC240D}.AppStore|iPhoneSimulator.Build.0 = Release|x86
		{440536D1-BC26-4AB0-8879-B5F07ECC240D}.AppStore|iPhoneSimulator.Deploy.0 = Release|x86
		{440536D1-BC26-4AB0-8879-B5F07ECC240D}.AppStore|x64.ActiveCfg = Release|x64
		{440536D1-BC26-4AB0-8879-B5F07ECC240D}.AppStore|x64.Build.0 = Release|x64
		{440536D1-BC26-4AB0-8879-B5F07ECC240D}.AppStore|x64.Deploy.0 = Release|x64
		{440536D1-BC26-4AB0-8879-B5F07ECC240D}.AppStore|x86.ActiveCfg = Release|x86
		{440536D1-BC26-4AB0-8879-B5F07ECC240D}.AppStore|x86.Build.0 = Release|x86
		{440536D1-BC26-4AB0-8879-B5F07ECC240D}.AppStore|x86.Deploy.0 = Release|x86
		{440536D1-BC26-4AB0-8879-B5F07ECC240D}.Debug|Any CPU.ActiveCfg = Debug|x86
		{440536D1-BC26-4AB0-8879-B5F07ECC240D}.Debug|Any CPU.Build.0 = Debug|x86
		{440536D1-BC26-4AB0-8879-B5F07ECC240D}.Debug|Any CPU.Deploy.0 = Debug|x86
		{440536D1-BC26-4AB0-8879-B5F07ECC240D}.Debug|ARM.ActiveCfg = Debug|ARM
		{440536D1-BC26-4AB0-8879-B5F07ECC240D}.Debug|ARM.Build.0 = Debug|ARM
		{440536D1-BC26-4AB0-8879-B5F07ECC240D}.Debug|ARM.Deploy.0 = Debug|ARM
		{440536D1-BC26-4AB0-8879-B5F07ECC240D}.Debug|iPhone.ActiveCfg = Debug|x86
		{440536D1-BC26-4AB0-8879-B5F07ECC240D}.Debug|iPhone.Build.0 = Debug|x86
		{440536D1-BC26-4AB0-8879-B5F07ECC240D}.Debug|iPhone.Deploy.0 = Debug|x86
		{440536D1-BC26-4AB0-8879-B5F07ECC240D}.Debug|iPhoneSimulator.ActiveCfg = Debug|x86
		{440536D1-BC26-4AB0-8879-B5F07ECC240D}.Debug|iPhoneSimulator.Build.0 = Debug|x86
		{440536D1-BC26-4AB0-8879-B5F07ECC240D}.Debug|iPhoneSimulator.Deploy.0 = Debug|x86
		{440536D1-BC26-4AB0-8879-B5F07ECC240D}.Debug|x64.ActiveCfg = Debug|x64
		{440536D1-BC26-4AB0-8879-B5F07ECC240D}.Debug|x64.Build.0 = Debug|x64
		{440536D1-BC26-4AB0-8879-B5F07ECC240D}.Debug|x64.Deploy.0 = Debug|x64
		{440536D1-BC26-4AB0-8879-B5F07ECC240D}.Debug|x86.ActiveCfg = Debug|x86
		{440536D1-BC26-4AB0-8879-B5F07ECC240D}.Debug|x86.Build.0 = Debug|x86
		{440536D1-BC26-4AB0-8879-B5F07ECC240D}.Debug|x86.Deploy.0 = Debug|x86
		{440536D1-BC26-4AB0-8879-B5F07ECC240D}.Release|Any CPU.ActiveCfg = Release|x86
		{440536D1-BC26-4AB0-8879-B5F07ECC240D}.Release|Any CPU.Build.0 = Release|x86
		{440536D1-BC26-4AB0-8879-B5F07ECC240D}.Release|Any CPU.Deploy.0 = Release|x86
		{440536D1-BC26-4AB0-8879-B5F07ECC240D}.Release|ARM.ActiveCfg = Release|ARM
		{440536D1-BC26-4AB0-8879-B5F07ECC240D}.Release|ARM.Build.0 = Release|ARM
		{440536D1-BC26-4AB0-8879-B5F07ECC240D}.Release|ARM.Deploy.0 = Release|ARM
		{440536D1-BC26-4AB0-8879-B5F07ECC240D}.Release|iPhone.ActiveCfg = Release|x86
		{440536D1-BC26-4AB0-8879-B5F07ECC240D}.Release|iPhone.Build.0 = Release|x86
		{440536D1-BC26-4AB0-8879-B5F07ECC240D}.Release|iPhone.Deploy.0 = Release|x86
		{440536D1-BC26-4AB0-8879-B5F07ECC240D}.Release|iPhoneSimulator.ActiveCfg = Release|x86
		{440536D1-BC26-4AB0-8879-B5F07ECC240D}.Release|iPhoneSimulator.Build.0 = Release|x86
		{440536D1-BC26-4AB0-8879-B5F07ECC240D}.Release|iPhoneSimulator.Deploy.0 = Release|x86
		{440536D1-BC26-4AB0-8879-B5F07ECC240D}.Release|x64.ActiveCfg = Release|x64
		{440536D1-BC26-4AB0-8879-B5F07ECC240D}.Release|x64.Build.0 = Release|x64
		{440536D1-BC26-4AB0-8879-B5F07ECC240D}.Release|x64.Deploy.0 = Release|x64
		{440536D1-BC26-4AB0-8879-B5F07ECC240D}.Release|x86.ActiveCfg = Release|x86
		{440536D1-BC26-4AB0-8879-B5F07ECC240D}.Release|x86.Build.0 = Release|x86
		{440536D1-BC26-4AB0-8879-B5F07ECC240D}.Release|x86.Deploy.0 = Release|x86
		{EF685F0D-5760-4449-BAB8-F220AFAAC64B}.Ad-Hoc|Any CPU.ActiveCfg = Debug|Any CPU
		{EF685F0D-5760-4449-BAB8-F220AFAAC64B}.Ad-Hoc|Any CPU.Build.0 = Debug|Any CPU
		{EF685F0D-5760-4449-BAB8-F220AFAAC64B}.Ad-Hoc|Any CPU.Deploy.0 = Debug|Any CPU
		{EF685F0D-5760-4449-BAB8-F220AFAAC64B}.Ad-Hoc|ARM.ActiveCfg = Debug|Any CPU
		{EF685F0D-5760-4449-BAB8-F220AFAAC64B}.Ad-Hoc|ARM.Build.0 = Debug|Any CPU
		{EF685F0D-5760-4449-BAB8-F220AFAAC64B}.Ad-Hoc|ARM.Deploy.0 = Debug|Any CPU
		{EF685F0D-5760-4449-BAB8-F220AFAAC64B}.Ad-Hoc|iPhone.ActiveCfg = Debug|Any CPU
		{EF685F0D-5760-4449-BAB8-F220AFAAC64B}.Ad-Hoc|iPhone.Build.0 = Debug|Any CPU
		{EF685F0D-5760-4449-BAB8-F220AFAAC64B}.Ad-Hoc|iPhone.Deploy.0 = Debug|Any CPU
		{EF685F0D-5760-4449-BAB8-F220AFAAC64B}.Ad-Hoc|iPhoneSimulator.ActiveCfg = Debug|Any CPU
		{EF685F0D-5760-4449-BAB8-F220AFAAC64B}.Ad-Hoc|iPhoneSimulator.Build.0 = Debug|Any CPU
		{EF685F0D-5760-4449-BAB8-F220AFAAC64B}.Ad-Hoc|iPhoneSimulator.Deploy.0 = Debug|Any CPU
		{EF685F0D-5760-4449-BAB8-F220AFAAC64B}.Ad-Hoc|x64.ActiveCfg = Debug|Any CPU
		{EF685F0D-5760-4449-BAB8-F220AFAAC64B}.Ad-Hoc|x64.Build.0 = Debug|Any CPU
		{EF685F0D-5760-4449-BAB8-F220AFAAC64B}.Ad-Hoc|x64.Deploy.0 = Debug|Any CPU
		{EF685F0D-5760-4449-BAB8-F220AFAAC64B}.Ad-Hoc|x86.ActiveCfg = Debug|Any CPU
		{EF685F0D-5760-4449-BAB8-F220AFAAC64B}.Ad-Hoc|x86.Build.0 = Debug|Any CPU
		{EF685F0D-5760-4449-BAB8-F220AFAAC64B}.Ad-Hoc|x86.Deploy.0 = Debug|Any CPU
		{EF685F0D-5760-4449-BAB8-F220AFAAC64B}.AppStore|Any CPU.ActiveCfg = Debug|Any CPU
		{EF685F0D-5760-4449-BAB8-F220AFAAC64B}.AppStore|Any CPU.Build.0 = Debug|Any CPU
		{EF685F0D-5760-4449-BAB8-F220AFAAC64B}.AppStore|Any CPU.Deploy.0 = Debug|Any CPU
		{EF685F0D-5760-4449-BAB8-F220AFAAC64B}.AppStore|ARM.ActiveCfg = Debug|Any CPU
		{EF685F0D-5760-4449-BAB8-F220AFAAC64B}.AppStore|ARM.Build.0 = Debug|Any CPU
		{EF685F0D-5760-4449-BAB8-F220AFAAC64B}.AppStore|ARM.Deploy.0 = Debug|Any CPU
		{EF685F0D-5760-4449-BAB8-F220AFAAC64B}.AppStore|iPhone.ActiveCfg = Debug|Any CPU
		{EF685F0D-5760-4449-BAB8-F220AFAAC64B}.AppStore|iPhone.Build.0 = Debug|Any CPU
		{EF685F0D-5760-4449-BAB8-F220AFAAC64B}.AppStore|iPhone.Deploy.0 = Debug|Any CPU
		{EF685F0D-5760-4449-BAB8-F220AFAAC64B}.AppStore|iPhoneSimulator.ActiveCfg = Debug|Any CPU
		{EF685F0D-5760-4449-BAB8-F220AFAAC64B}.AppStore|iPhoneSimulator.Build.0 = Debug|Any CPU
		{EF685F0D-5760-4449-BAB8-F220AFAAC64B}.AppStore|iPhoneSimulator.Deploy.0 = Debug|Any CPU
		{EF685F0D-5760-4449-BAB8-F220AFAAC64B}.AppStore|x64.ActiveCfg = Debug|Any CPU
		{EF685F0D-5760-4449-BAB8-F220AFAAC64B}.AppStore|x64.Build.0 = Debug|Any CPU
		{EF685F0D-5760-4449-BAB8-F220AFAAC64B}.AppStore|x64.Deploy.0 = Debug|Any CPU
		{EF685F0D-5760-4449-BAB8-F220AFAAC64B}.AppStore|x86.ActiveCfg = Debug|Any CPU
		{EF685F0D-5760-4449-BAB8-F220AFAAC64B}.AppStore|x86.Build.0 = Debug|Any CPU
		{EF685F0D-5760-4449-BAB8-F220AFAAC64B}.AppStore|x86.Deploy.0 = Debug|Any CPU
		{EF685F0D-5760-4449-BAB8-F220AFAAC64B}.Debug|Any CPU.ActiveCfg = Debug|Any CPU
		{EF685F0D-5760-4449-BAB8-F220AFAAC64B}.Debug|Any CPU.Build.0 = Debug|Any CPU
		{EF685F0D-5760-4449-BAB8-F220AFAAC64B}.Debug|Any CPU.Deploy.0 = Debug|Any CPU
		{EF685F0D-5760-4449-BAB8-F220AFAAC64B}.Debug|ARM.ActiveCfg = Debug|Any CPU
		{EF685F0D-5760-4449-BAB8-F220AFAAC64B}.Debug|ARM.Build.0 = Debug|Any CPU
		{EF685F0D-5760-4449-BAB8-F220AFAAC64B}.Debug|ARM.Deploy.0 = Debug|Any CPU
		{EF685F0D-5760-4449-BAB8-F220AFAAC64B}.Debug|iPhone.ActiveCfg = Debug|Any CPU
		{EF685F0D-5760-4449-BAB8-F220AFAAC64B}.Debug|iPhone.Build.0 = Debug|Any CPU
		{EF685F0D-5760-4449-BAB8-F220AFAAC64B}.Debug|iPhone.Deploy.0 = Debug|Any CPU
		{EF685F0D-5760-4449-BAB8-F220AFAAC64B}.Debug|iPhoneSimulator.ActiveCfg = Debug|Any CPU
		{EF685F0D-5760-4449-BAB8-F220AFAAC64B}.Debug|iPhoneSimulator.Build.0 = Debug|Any CPU
		{EF685F0D-5760-4449-BAB8-F220AFAAC64B}.Debug|iPhoneSimulator.Deploy.0 = Debug|Any CPU
		{EF685F0D-5760-4449-BAB8-F220AFAAC64B}.Debug|x64.ActiveCfg = Debug|Any CPU
		{EF685F0D-5760-4449-BAB8-F220AFAAC64B}.Debug|x64.Build.0 = Debug|Any CPU
		{EF685F0D-5760-4449-BAB8-F220AFAAC64B}.Debug|x64.Deploy.0 = Debug|Any CPU
		{EF685F0D-5760-4449-BAB8-F220AFAAC64B}.Debug|x86.ActiveCfg = Debug|Any CPU
		{EF685F0D-5760-4449-BAB8-F220AFAAC64B}.Debug|x86.Build.0 = Debug|Any CPU
		{EF685F0D-5760-4449-BAB8-F220AFAAC64B}.Debug|x86.Deploy.0 = Debug|Any CPU
		{EF685F0D-5760-4449-BAB8-F220AFAAC64B}.Release|Any CPU.ActiveCfg = Release|Any CPU
		{EF685F0D-5760-4449-BAB8-F220AFAAC64B}.Release|Any CPU.Build.0 = Release|Any CPU
		{EF685F0D-5760-4449-BAB8-F220AFAAC64B}.Release|Any CPU.Deploy.0 = Release|Any CPU
		{EF685F0D-5760-4449-BAB8-F220AFAAC64B}.Release|ARM.ActiveCfg = Release|Any CPU
		{EF685F0D-5760-4449-BAB8-F220AFAAC64B}.Release|ARM.Build.0 = Release|Any CPU
		{EF685F0D-5760-4449-BAB8-F220AFAAC64B}.Release|ARM.Deploy.0 = Release|Any CPU
		{EF685F0D-5760-4449-BAB8-F220AFAAC64B}.Release|iPhone.ActiveCfg = Release|Any CPU
		{EF685F0D-5760-4449-BAB8-F220AFAAC64B}.Release|iPhone.Build.0 = Release|Any CPU
		{EF685F0D-5760-4449-BAB8-F220AFAAC64B}.Release|iPhone.Deploy.0 = Release|Any CPU
		{EF685F0D-5760-4449-BAB8-F220AFAAC64B}.Release|iPhoneSimulator.ActiveCfg = Release|Any CPU
		{EF685F0D-5760-4449-BAB8-F220AFAAC64B}.Release|iPhoneSimulator.Build.0 = Release|Any CPU
		{EF685F0D-5760-4449-BAB8-F220AFAAC64B}.Release|iPhoneSimulator.Deploy.0 = Release|Any CPU
		{EF685F0D-5760-4449-BAB8-F220AFAAC64B}.Release|x64.ActiveCfg = Release|Any CPU
		{EF685F0D-5760-4449-BAB8-F220AFAAC64B}.Release|x64.Build.0 = Release|Any CPU
		{EF685F0D-5760-4449-BAB8-F220AFAAC64B}.Release|x64.Deploy.0 = Release|Any CPU
		{EF685F0D-5760-4449-BAB8-F220AFAAC64B}.Release|x86.ActiveCfg = Release|Any CPU
		{EF685F0D-5760-4449-BAB8-F220AFAAC64B}.Release|x86.Build.0 = Release|Any CPU
		{EF685F0D-5760-4449-BAB8-F220AFAAC64B}.Release|x86.Deploy.0 = Release|Any CPU
	EndGlobalSection
	GlobalSection(SolutionProperties) = preSolution
		HideSolutionNode = FALSE
	EndGlobalSection
	GlobalSection(ExtensibilityGlobals) = postSolution
		SolutionGuid = {4E7B6092-C223-41DD-B4BC-B9693C291855}
	EndGlobalSection
EndGlobal
